
Microsoft Visual Studio Solution File, Format Version 11.00
# Visual Studio 2010
Project("{F184B08F-C81C-45F6-A57F-5ABD9991F28F}") = "SGC_CS", "SGC_CS\SGC_CS.vbproj", "{DD26560A-E4BE-4396-9CF9-8337F411D1A9}"
EndProject
Project("{F184B08F-C81C-45F6-A57F-5ABD9991F28F}") = "SGC_Web", "SGC_Web\SGC_Web.vbproj", "{1F2B4F36-B7DC-4931-BB9F-18481B3678B9}"
EndProject
Project("{F184B08F-C81C-45F6-A57F-5ABD9991F28F}") = "SGC_Int", "SGC_Int\SGC_Int.vbproj", "{2D000875-0423-44B0-92A0-EE69A02530D1}"
EndProject
Project("{F184B08F-C81C-45F6-A57F-5ABD9991F28F}") = "Controller", "Controller\Controller.vbproj", "{7B393E8C-AB81-40CD-B95A-C067470199B6}"
EndProject
Project("{F184B08F-C81C-45F6-A57F-5ABD9991F28F}") = "Model", "Model\Model.vbproj", "{9A398ECE-58F1-4D2F-912E-450189B644C1}"
EndProject
Project("{159641D6-6404-4A2A-AE62-294DE0FE8301}") = "SGC_IS", "SGC_IS\SGC_IS.dtproj", "{814D9A96-402D-43FD-A84A-5D73D6D67C0C}"
EndProject
Project("{F14B399A-7131-4C87-9E4B-1186C45EF12D}") = "SGC_RS", "SGC_RS\SGC_RS.rptproj", "{5D3A8F21-5A2A-4CD8-8B17-6DBAB49937FA}"
EndProject
Project("{D2ABAB84-BF74-430A-B69E-9DC6D40DDA17}") = "SGC_AS", "SGC_AS\SGC_AS.dwproj", "{58E7A6A4-DA63-46E8-ABC2-E81D59F9325E}"
EndProject
Global
	GlobalSection(SubversionScc) = preSolution
		Svn-Managed = True
		Manager = AnkhSVN - Subversion Support for Visual Studio
	EndGlobalSection
	GlobalSection(SolutionConfigurationPlatforms) = preSolution
		Debug|Any CPU = Debug|Any CPU
		Debug|Mixed Platforms = Debug|Mixed Platforms
		Debug|x86 = Debug|x86
		DebugLocal|Any CPU = DebugLocal|Any CPU
		DebugLocal|Mixed Platforms = DebugLocal|Mixed Platforms
		DebugLocal|x86 = DebugLocal|x86
		Development|Any CPU = Development|Any CPU
		Development|Mixed Platforms = Development|Mixed Platforms
		Development|x86 = Development|x86
		Release|Any CPU = Release|Any CPU
		Release|Mixed Platforms = Release|Mixed Platforms
		Release|x86 = Release|x86
	EndGlobalSection
	GlobalSection(ProjectConfigurationPlatforms) = postSolution
		{DD26560A-E4BE-4396-9CF9-8337F411D1A9}.Debug|Any CPU.ActiveCfg = Debug|x86
		{DD26560A-E4BE-4396-9CF9-8337F411D1A9}.Debug|Mixed Platforms.ActiveCfg = Debug|x86
		{DD26560A-E4BE-4396-9CF9-8337F411D1A9}.Debug|Mixed Platforms.Build.0 = Debug|x86
		{DD26560A-E4BE-4396-9CF9-8337F411D1A9}.Debug|x86.ActiveCfg = Debug|x86
		{DD26560A-E4BE-4396-9CF9-8337F411D1A9}.Debug|x86.Build.0 = Debug|x86
		{DD26560A-E4BE-4396-9CF9-8337F411D1A9}.DebugLocal|Any CPU.ActiveCfg = Debug|x86
		{DD26560A-E4BE-4396-9CF9-8337F411D1A9}.DebugLocal|Mixed Platforms.ActiveCfg = Debug|x86
		{DD26560A-E4BE-4396-9CF9-8337F411D1A9}.DebugLocal|Mixed Platforms.Build.0 = Debug|x86
		{DD26560A-E4BE-4396-9CF9-8337F411D1A9}.DebugLocal|x86.ActiveCfg = Debug|x86
		{DD26560A-E4BE-4396-9CF9-8337F411D1A9}.DebugLocal|x86.Build.0 = Debug|x86
		{DD26560A-E4BE-4396-9CF9-8337F411D1A9}.Development|Any CPU.ActiveCfg = Debug|x86
		{DD26560A-E4BE-4396-9CF9-8337F411D1A9}.Development|Mixed Platforms.ActiveCfg = Debug|x86
		{DD26560A-E4BE-4396-9CF9-8337F411D1A9}.Development|Mixed Platforms.Build.0 = Debug|x86
		{DD26560A-E4BE-4396-9CF9-8337F411D1A9}.Development|x86.ActiveCfg = Debug|x86
		{DD26560A-E4BE-4396-9CF9-8337F411D1A9}.Development|x86.Build.0 = Debug|x86
		{DD26560A-E4BE-4396-9CF9-8337F411D1A9}.Release|Any CPU.ActiveCfg = Release|x86
		{DD26560A-E4BE-4396-9CF9-8337F411D1A9}.Release|Mixed Platforms.ActiveCfg = Release|x86
		{DD26560A-E4BE-4396-9CF9-8337F411D1A9}.Release|Mixed Platforms.Build.0 = Release|x86
		{DD26560A-E4BE-4396-9CF9-8337F411D1A9}.Release|x86.ActiveCfg = Release|x86
		{DD26560A-E4BE-4396-9CF9-8337F411D1A9}.Release|x86.Build.0 = Release|x86
		{1F2B4F36-B7DC-4931-BB9F-18481B3678B9}.Debug|Any CPU.ActiveCfg = Debug|Any CPU
		{1F2B4F36-B7DC-4931-BB9F-18481B3678B9}.Debug|Any CPU.Build.0 = Debug|Any CPU
		{1F2B4F36-B7DC-4931-BB9F-18481B3678B9}.Debug|Mixed Platforms.ActiveCfg = Debug|Any CPU
		{1F2B4F36-B7DC-4931-BB9F-18481B3678B9}.Debug|Mixed Platforms.Build.0 = Debug|Any CPU
		{1F2B4F36-B7DC-4931-BB9F-18481B3678B9}.Debug|x86.ActiveCfg = Debug|Any CPU
		{1F2B4F36-B7DC-4931-BB9F-18481B3678B9}.DebugLocal|Any CPU.ActiveCfg = Debug|Any CPU
		{1F2B4F36-B7DC-4931-BB9F-18481B3678B9}.DebugLocal|Any CPU.Build.0 = Debug|Any CPU
		{1F2B4F36-B7DC-4931-BB9F-18481B3678B9}.DebugLocal|Mixed Platforms.ActiveCfg = Debug|Any CPU
		{1F2B4F36-B7DC-4931-BB9F-18481B3678B9}.DebugLocal|Mixed Platforms.Build.0 = Debug|Any CPU
		{1F2B4F36-B7DC-4931-BB9F-18481B3678B9}.DebugLocal|x86.ActiveCfg = Debug|Any CPU
		{1F2B4F36-B7DC-4931-BB9F-18481B3678B9}.Development|Any CPU.ActiveCfg = Debug|Any CPU
		{1F2B4F36-B7DC-4931-BB9F-18481B3678B9}.Development|Any CPU.Build.0 = Debug|Any CPU
		{1F2B4F36-B7DC-4931-BB9F-18481B3678B9}.Development|Mixed Platforms.ActiveCfg = Debug|Any CPU
		{1F2B4F36-B7DC-4931-BB9F-18481B3678B9}.Development|Mixed Platforms.Build.0 = Debug|Any CPU
		{1F2B4F36-B7DC-4931-BB9F-18481B3678B9}.Development|x86.ActiveCfg = Debug|Any CPU
		{1F2B4F36-B7DC-4931-BB9F-18481B3678B9}.Release|Any CPU.ActiveCfg = Release|Any CPU
		{1F2B4F36-B7DC-4931-BB9F-18481B3678B9}.Release|Any CPU.Build.0 = Release|Any CPU
		{1F2B4F36-B7DC-4931-BB9F-18481B3678B9}.Release|Mixed Platforms.ActiveCfg = Release|Any CPU
		{1F2B4F36-B7DC-4931-BB9F-18481B3678B9}.Release|Mixed Platforms.Build.0 = Release|Any CPU
		{1F2B4F36-B7DC-4931-BB9F-18481B3678B9}.Release|x86.ActiveCfg = Release|Any CPU
		{2D000875-0423-44B0-92A0-EE69A02530D1}.Debug|Any CPU.ActiveCfg = Debug|Any CPU
		{2D000875-0423-44B0-92A0-EE69A02530D1}.Debug|Any CPU.Build.0 = Debug|Any CPU
		{2D000875-0423-44B0-92A0-EE69A02530D1}.Debug|Mixed Platforms.ActiveCfg = Debug|Any CPU
		{2D000875-0423-44B0-92A0-EE69A02530D1}.Debug|Mixed Platforms.Build.0 = Debug|Any CPU
		{2D000875-0423-44B0-92A0-EE69A02530D1}.Debug|x86.ActiveCfg = Debug|Any CPU
		{2D000875-0423-44B0-92A0-EE69A02530D1}.DebugLocal|Any CPU.ActiveCfg = Debug|Any CPU
		{2D000875-0423-44B0-92A0-EE69A02530D1}.DebugLocal|Any CPU.Build.0 = Debug|Any CPU
		{2D000875-0423-44B0-92A0-EE69A02530D1}.DebugLocal|Mixed Platforms.ActiveCfg = Debug|Any CPU
		{2D000875-0423-44B0-92A0-EE69A02530D1}.DebugLocal|Mixed Platforms.Build.0 = Debug|Any CPU
		{2D000875-0423-44B0-92A0-EE69A02530D1}.DebugLocal|x86.ActiveCfg = Debug|Any CPU
		{2D000875-0423-44B0-92A0-EE69A02530D1}.Development|Any CPU.ActiveCfg = Debug|Any CPU
		{2D000875-0423-44B0-92A0-EE69A02530D1}.Development|Any CPU.Build.0 = Debug|Any CPU
		{2D000875-0423-44B0-92A0-EE69A02530D1}.Development|Mixed Platforms.ActiveCfg = Debug|Any CPU
		{2D000875-0423-44B0-92A0-EE69A02530D1}.Development|Mixed Platforms.Build.0 = Debug|Any CPU
		{2D000875-0423-44B0-92A0-EE69A02530D1}.Development|x86.ActiveCfg = Debug|Any CPU
		{2D000875-0423-44B0-92A0-EE69A02530D1}.Release|Any CPU.ActiveCfg = Release|Any CPU
		{2D000875-0423-44B0-92A0-EE69A02530D1}.Release|Any CPU.Build.0 = Release|Any CPU
		{2D000875-0423-44B0-92A0-EE69A02530D1}.Release|Mixed Platforms.ActiveCfg = Release|Any CPU
		{2D000875-0423-44B0-92A0-EE69A02530D1}.Release|Mixed Platforms.Build.0 = Release|Any CPU
		{2D000875-0423-44B0-92A0-EE69A02530D1}.Release|x86.ActiveCfg = Release|Any CPU
		{7B393E8C-AB81-40CD-B95A-C067470199B6}.Debug|Any CPU.ActiveCfg = Debug|Any CPU
		{7B393E8C-AB81-40CD-B95A-C067470199B6}.Debug|Any CPU.Build.0 = Debug|Any CPU
		{7B393E8C-AB81-40CD-B95A-C067470199B6}.Debug|Mixed Platforms.ActiveCfg = Debug|Any CPU
		{7B393E8C-AB81-40CD-B95A-C067470199B6}.Debug|Mixed Platforms.Build.0 = Debug|Any CPU
		{7B393E8C-AB81-40CD-B95A-C067470199B6}.Debug|x86.ActiveCfg = Debug|Any CPU
		{7B393E8C-AB81-40CD-B95A-C067470199B6}.DebugLocal|Any CPU.ActiveCfg = Debug|Any CPU
		{7B393E8C-AB81-40CD-B95A-C067470199B6}.DebugLocal|Any CPU.Build.0 = Debug|Any CPU
		{7B393E8C-AB81-40CD-B95A-C067470199B6}.DebugLocal|Mixed Platforms.ActiveCfg = Debug|Any CPU
		{7B393E8C-AB81-40CD-B95A-C067470199B6}.DebugLocal|Mixed Platforms.Build.0 = Debug|Any CPU
		{7B393E8C-AB81-40CD-B95A-C067470199B6}.DebugLocal|x86.ActiveCfg = Debug|Any CPU
		{7B393E8C-AB81-40CD-B95A-C067470199B6}.Development|Any CPU.ActiveCfg = Debug|Any CPU
		{7B393E8C-AB81-40CD-B95A-C067470199B6}.Development|Any CPU.Build.0 = Debug|Any CPU
		{7B393E8C-AB81-40CD-B95A-C067470199B6}.Development|Mixed Platforms.ActiveCfg = Debug|Any CPU
		{7B393E8C-AB81-40CD-B95A-C067470199B6}.Development|Mixed Platforms.Build.0 = Debug|Any CPU
		{7B393E8C-AB81-40CD-B95A-C067470199B6}.Development|x86.ActiveCfg = Debug|Any CPU
		{7B393E8C-AB81-40CD-B95A-C067470199B6}.Release|Any CPU.ActiveCfg = Release|Any CPU
		{7B393E8C-AB81-40CD-B95A-C067470199B6}.Release|Any CPU.Build.0 = Release|Any CPU
		{7B393E8C-AB81-40CD-B95A-C067470199B6}.Release|Mixed Platforms.ActiveCfg = Release|Any CPU
		{7B393E8C-AB81-40CD-B95A-C067470199B6}.Release|Mixed Platforms.Build.0 = Release|Any CPU
		{7B393E8C-AB81-40CD-B95A-C067470199B6}.Release|x86.ActiveCfg = Release|Any CPU
		{9A398ECE-58F1-4D2F-912E-450189B644C1}.Debug|Any CPU.ActiveCfg = Debug|Any CPU
		{9A398ECE-58F1-4D2F-912E-450189B644C1}.Debug|Any CPU.Build.0 = Debug|Any CPU
		{9A398ECE-58F1-4D2F-912E-450189B644C1}.Debug|Mixed Platforms.ActiveCfg = Debug|Any CPU
		{9A398ECE-58F1-4D2F-912E-450189B644C1}.Debug|Mixed Platforms.Build.0 = Debug|Any CPU
		{9A398ECE-58F1-4D2F-912E-450189B644C1}.Debug|x86.ActiveCfg = Debug|Any CPU
		{9A398ECE-58F1-4D2F-912E-450189B644C1}.DebugLocal|Any CPU.ActiveCfg = Debug|Any CPU
		{9A398ECE-58F1-4D2F-912E-450189B644C1}.DebugLocal|Any CPU.Build.0 = Debug|Any CPU
		{9A398ECE-58F1-4D2F-912E-450189B644C1}.DebugLocal|Mixed Platforms.ActiveCfg = Debug|Any CPU
		{9A398ECE-58F1-4D2F-912E-450189B644C1}.DebugLocal|Mixed Platforms.Build.0 = Debug|Any CPU
		{9A398ECE-58F1-4D2F-912E-450189B644C1}.DebugLocal|x86.ActiveCfg = Debug|Any CPU
		{9A398ECE-58F1-4D2F-912E-450189B644C1}.Development|Any CPU.ActiveCfg = Debug|Any CPU
		{9A398ECE-58F1-4D2F-912E-450189B644C1}.Development|Any CPU.Build.0 = Debug|Any CPU
		{9A398ECE-58F1-4D2F-912E-450189B644C1}.Development|Mixed Platforms.ActiveCfg = Debug|Any CPU
		{9A398ECE-58F1-4D2F-912E-450189B644C1}.Development|Mixed Platforms.Build.0 = Debug|Any CPU
		{9A398ECE-58F1-4D2F-912E-450189B644C1}.Development|x86.ActiveCfg = Debug|Any CPU
		{9A398ECE-58F1-4D2F-912E-450189B644C1}.Release|Any CPU.ActiveCfg = Release|Any CPU
		{9A398ECE-58F1-4D2F-912E-450189B644C1}.Release|Any CPU.Build.0 = Release|Any CPU
		{9A398ECE-58F1-4D2F-912E-450189B644C1}.Release|Mixed Platforms.ActiveCfg = Release|Any CPU
		{9A398ECE-58F1-4D2F-912E-450189B644C1}.Release|Mixed Platforms.Build.0 = Release|Any CPU
		{9A398ECE-58F1-4D2F-912E-450189B644C1}.Release|x86.ActiveCfg = Release|Any CPU
		{814D9A96-402D-43FD-A84A-5D73D6D67C0C}.Debug|Any CPU.ActiveCfg = Development
		{814D9A96-402D-43FD-A84A-5D73D6D67C0C}.Debug|Any CPU.Build.0 = Development
		{814D9A96-402D-43FD-A84A-5D73D6D67C0C}.Debug|Mixed Platforms.ActiveCfg = Development
		{814D9A96-402D-43FD-A84A-5D73D6D67C0C}.Debug|Mixed Platforms.Build.0 = Development
		{814D9A96-402D-43FD-A84A-5D73D6D67C0C}.Debug|x86.ActiveCfg = Development
		{814D9A96-402D-43FD-A84A-5D73D6D67C0C}.Debug|x86.Build.0 = Development
		{814D9A96-402D-43FD-A84A-5D73D6D67C0C}.DebugLocal|Any CPU.ActiveCfg = Development
		{814D9A96-402D-43FD-A84A-5D73D6D67C0C}.DebugLocal|Any CPU.Build.0 = Development
		{814D9A96-402D-43FD-A84A-5D73D6D67C0C}.DebugLocal|Mixed Platforms.ActiveCfg = Development
		{814D9A96-402D-43FD-A84A-5D73D6D67C0C}.DebugLocal|Mixed Platforms.Build.0 = Development
		{814D9A96-402D-43FD-A84A-5D73D6D67C0C}.DebugLocal|x86.ActiveCfg = Development
		{814D9A96-402D-43FD-A84A-5D73D6D67C0C}.DebugLocal|x86.Build.0 = Development
		{814D9A96-402D-43FD-A84A-5D73D6D67C0C}.Development|Any CPU.ActiveCfg = Development
		{814D9A96-402D-43FD-A84A-5D73D6D67C0C}.Development|Any CPU.Build.0 = Development
		{814D9A96-402D-43FD-A84A-5D73D6D67C0C}.Development|Mixed Platforms.ActiveCfg = Development
		{814D9A96-402D-43FD-A84A-5D73D6D67C0C}.Development|Mixed Platforms.Build.0 = Development
		{814D9A96-402D-43FD-A84A-5D73D6D67C0C}.Development|x86.ActiveCfg = Development
		{814D9A96-402D-43FD-A84A-5D73D6D67C0C}.Development|x86.Build.0 = Development
		{814D9A96-402D-43FD-A84A-5D73D6D67C0C}.Release|Any CPU.ActiveCfg = Development
		{814D9A96-402D-43FD-A84A-5D73D6D67C0C}.Release|Any CPU.Build.0 = Development
		{814D9A96-402D-43FD-A84A-5D73D6D67C0C}.Release|Mixed Platforms.ActiveCfg = Development
		{814D9A96-402D-43FD-A84A-5D73D6D67C0C}.Release|Mixed Platforms.Build.0 = Development
		{814D9A96-402D-43FD-A84A-5D73D6D67C0C}.Release|x86.ActiveCfg = Development
		{814D9A96-402D-43FD-A84A-5D73D6D67C0C}.Release|x86.Build.0 = Development
		{5D3A8F21-5A2A-4CD8-8B17-6DBAB49937FA}.Debug|Any CPU.ActiveCfg = DebugLocal
		{5D3A8F21-5A2A-4CD8-8B17-6DBAB49937FA}.Debug|Any CPU.Build.0 = DebugLocal
		{5D3A8F21-5A2A-4CD8-8B17-6DBAB49937FA}.Debug|Mixed Platforms.ActiveCfg = DebugLocal
		{5D3A8F21-5A2A-4CD8-8B17-6DBAB49937FA}.Debug|Mixed Platforms.Build.0 = DebugLocal
		{5D3A8F21-5A2A-4CD8-8B17-6DBAB49937FA}.Debug|x86.ActiveCfg = DebugLocal
		{5D3A8F21-5A2A-4CD8-8B17-6DBAB49937FA}.Debug|x86.Build.0 = DebugLocal
		{5D3A8F21-5A2A-4CD8-8B17-6DBAB49937FA}.DebugLocal|Any CPU.ActiveCfg = DebugLocal
		{5D3A8F21-5A2A-4CD8-8B17-6DBAB49937FA}.DebugLocal|Any CPU.Build.0 = DebugLocal
		{5D3A8F21-5A2A-4CD8-8B17-6DBAB49937FA}.DebugLocal|Mixed Platforms.ActiveCfg = DebugLocal
		{5D3A8F21-5A2A-4CD8-8B17-6DBAB49937FA}.DebugLocal|Mixed Platforms.Build.0 = DebugLocal
		{5D3A8F21-5A2A-4CD8-8B17-6DBAB49937FA}.DebugLocal|x86.ActiveCfg = DebugLocal
		{5D3A8F21-5A2A-4CD8-8B17-6DBAB49937FA}.DebugLocal|x86.Build.0 = DebugLocal
		{5D3A8F21-5A2A-4CD8-8B17-6DBAB49937FA}.Development|Any CPU.ActiveCfg = DebugLocal
		{5D3A8F21-5A2A-4CD8-8B17-6DBAB49937FA}.Development|Any CPU.Build.0 = DebugLocal
		{5D3A8F21-5A2A-4CD8-8B17-6DBAB49937FA}.Development|Mixed Platforms.ActiveCfg = DebugLocal
		{5D3A8F21-5A2A-4CD8-8B17-6DBAB49937FA}.Development|Mixed Platforms.Build.0 = DebugLocal
		{5D3A8F21-5A2A-4CD8-8B17-6DBAB49937FA}.Development|x86.ActiveCfg = DebugLocal
		{5D3A8F21-5A2A-4CD8-8B17-6DBAB49937FA}.Development|x86.Build.0 = DebugLocal
		{5D3A8F21-5A2A-4CD8-8B17-6DBAB49937FA}.Release|Any CPU.ActiveCfg = Release
		{5D3A8F21-5A2A-4CD8-8B17-6DBAB49937FA}.Release|Any CPU.Build.0 = Release
		{5D3A8F21-5A2A-4CD8-8B17-6DBAB49937FA}.Release|Any CPU.Deploy.0 = Release
		{5D3A8F21-5A2A-4CD8-8B17-6DBAB49937FA}.Release|Mixed Platforms.ActiveCfg = Release
		{5D3A8F21-5A2A-4CD8-8B17-6DBAB49937FA}.Release|Mixed Platforms.Build.0 = Release
		{5D3A8F21-5A2A-4CD8-8B17-6DBAB49937FA}.Release|Mixed Platforms.Deploy.0 = Release
		{5D3A8F21-5A2A-4CD8-8B17-6DBAB49937FA}.Release|x86.ActiveCfg = Release
		{5D3A8F21-5A2A-4CD8-8B17-6DBAB49937FA}.Release|x86.Build.0 = Release
		{5D3A8F21-5A2A-4CD8-8B17-6DBAB49937FA}.Release|x86.Deploy.0 = Release
		{58E7A6A4-DA63-46E8-ABC2-E81D59F9325E}.Debug|Any CPU.ActiveCfg = Development
		{58E7A6A4-DA63-46E8-ABC2-E81D59F9325E}.Debug|Any CPU.Build.0 = Development
		{58E7A6A4-DA63-46E8-ABC2-E81D59F9325E}.Debug|Any CPU.Deploy.0 = Development
		{58E7A6A4-DA63-46E8-ABC2-E81D59F9325E}.Debug|Mixed Platforms.ActiveCfg = Development
		{58E7A6A4-DA63-46E8-ABC2-E81D59F9325E}.Debug|Mixed Platforms.Build.0 = Development
		{58E7A6A4-DA63-46E8-ABC2-E81D59F9325E}.Debug|Mixed Platforms.Deploy.0 = Development
		{58E7A6A4-DA63-46E8-ABC2-E81D59F9325E}.Debug|x86.ActiveCfg = Development
		{58E7A6A4-DA63-46E8-ABC2-E81D59F9325E}.Debug|x86.Build.0 = Development
		{58E7A6A4-DA63-46E8-ABC2-E81D59F9325E}.Debug|x86.Deploy.0 = Development
		{58E7A6A4-DA63-46E8-ABC2-E81D59F9325E}.DebugLocal|Any CPU.ActiveCfg = Development
		{58E7A6A4-DA63-46E8-ABC2-E81D59F9325E}.DebugLocal|Any CPU.Build.0 = Development
		{58E7A6A4-DA63-46E8-ABC2-E81D59F9325E}.DebugLocal|Any CPU.Deploy.0 = Development
		{58E7A6A4-DA63-46E8-ABC2-E81D59F9325E}.DebugLocal|Mixed Platforms.ActiveCfg = Development
		{58E7A6A4-DA63-46E8-ABC2-E81D59F9325E}.DebugLocal|Mixed Platforms.Build.0 = Development
		{58E7A6A4-DA63-46E8-ABC2-E81D59F9325E}.DebugLocal|Mixed Platforms.Deploy.0 = Development
		{58E7A6A4-DA63-46E8-ABC2-E81D59F9325E}.DebugLocal|x86.ActiveCfg = Development
		{58E7A6A4-DA63-46E8-ABC2-E81D59F9325E}.DebugLocal|x86.Build.0 = Development
		{58E7A6A4-DA63-46E8-ABC2-E81D59F9325E}.DebugLocal|x86.Deploy.0 = Development
		{58E7A6A4-DA63-46E8-ABC2-E81D59F9325E}.Development|Any CPU.ActiveCfg = Development
		{58E7A6A4-DA63-46E8-ABC2-E81D59F9325E}.Development|Any CPU.Build.0 = Development
		{58E7A6A4-DA63-46E8-ABC2-E81D59F9325E}.Development|Any CPU.Deploy.0 = Development
		{58E7A6A4-DA63-46E8-ABC2-E81D59F9325E}.Development|Mixed Platforms.ActiveCfg = Development
		{58E7A6A4-DA63-46E8-ABC2-E81D59F9325E}.Development|Mixed Platforms.Build.0 = Development
		{58E7A6A4-DA63-46E8-ABC2-E81D59F9325E}.Development|Mixed Platforms.Deploy.0 = Development
		{58E7A6A4-DA63-46E8-ABC2-E81D59F9325E}.Development|x86.ActiveCfg = Development
		{58E7A6A4-DA63-46E8-ABC2-E81D59F9325E}.Development|x86.Build.0 = Development
		{58E7A6A4-DA63-46E8-ABC2-E81D59F9325E}.Development|x86.Deploy.0 = Development
		{58E7A6A4-DA63-46E8-ABC2-E81D59F9325E}.Release|Any CPU.ActiveCfg = Development
		{58E7A6A4-DA63-46E8-ABC2-E81D59F9325E}.Release|Any CPU.Build.0 = Development
		{58E7A6A4-DA63-46E8-ABC2-E81D59F9325E}.Release|Any CPU.Deploy.0 = Development
		{58E7A6A4-DA63-46E8-ABC2-E81D59F9325E}.Release|Mixed Platforms.ActiveCfg = Development
		{58E7A6A4-DA63-46E8-ABC2-E81D59F9325E}.Release|Mixed Platforms.Build.0 = Development
		{58E7A6A4-DA63-46E8-ABC2-E81D59F9325E}.Release|Mixed Platforms.Deploy.0 = Development
		{58E7A6A4-DA63-46E8-ABC2-E81D59F9325E}.Release|x86.ActiveCfg = Development
		{58E7A6A4-DA63-46E8-ABC2-E81D59F9325E}.Release|x86.Build.0 = Development
		{58E7A6A4-DA63-46E8-ABC2-E81D59F9325E}.Release|x86.Deploy.0 = Development
	EndGlobalSection
	GlobalSection(SolutionProperties) = preSolution
		HideSolutionNode = FALSE
	EndGlobalSection
EndGlobal
